{
  "requires": true,
  "lockfileVersion": 1,
  "dependencies": {
    "ascii-art-reverse": {
      "version": "0.0.1",
      "resolved": "https://registry.npmjs.org/ascii-art-reverse/-/ascii-art-reverse-0.0.1.tgz",
      "integrity": "sha1-bOM+vM8shnhzkr1nj4v28x6iqjY="
    },
    "uniq": {
      "version": "1.0.1",
      "resolved": "https://registry.npmjs.org/uniq/-/uniq-1.0.1.tgz",
      "integrity": "sha1-sxxa6CVIRKOoKBVBzisEuGWnNP8="
    }
  }
}
